
Microsoft Visual Studio Solution File, Format Version 12.00
# Visual Studio 2012
Project("{FAE04EC0-301F-11D3-BF4B-00C04F79EFBC}") = "ripple", "ripple\ripple.csproj", "{0DB48F71-0998-4421-8EB5-7B8020BF37B0}"
EndProject
Project("{FAE04EC0-301F-11D3-BF4B-00C04F79EFBC}") = "ripple.Testing", "ripple.Testing\ripple.Testing.csproj", "{734921D6-8BB4-4B57-9D5A-ACF9BD515D49}"
EndProject
Project("{2150E333-8FDC-42A3-9474-1A3956D46DE8}") = "Solution Items", "Solution Items", "{11951368-CAF5-4686-B309-2327973FD5F6}"
EndProject
Project("{FAE04EC0-301F-11D3-BF4B-00C04F79EFBC}") = "ripple.Docs", "ripple.Docs\ripple.Docs.csproj", "{5F6B1A70-3A36-4A4D-90F5-884B7413A79E}"
EndProject
Global
	GlobalSection(SolutionConfigurationPlatforms) = preSolution
		Debug|Any CPU = Debug|Any CPU
		Debug|Mixed Platforms = Debug|Mixed Platforms
		Debug|x86 = Debug|x86
		Release|Any CPU = Release|Any CPU
		Release|Mixed Platforms = Release|Mixed Platforms
		Release|x86 = Release|x86
	EndGlobalSection
	GlobalSection(ProjectConfigurationPlatforms) = postSolution
		{0DB48F71-0998-4421-8EB5-7B8020BF37B0}.Debug|Any CPU.ActiveCfg = Debug|x86
		{0DB48F71-0998-4421-8EB5-7B8020BF37B0}.Debug|Mixed Platforms.ActiveCfg = Debug|x86
		{0DB48F71-0998-4421-8EB5-7B8020BF37B0}.Debug|Mixed Platforms.Build.0 = Debug|x86
		{0DB48F71-0998-4421-8EB5-7B8020BF37B0}.Debug|x86.ActiveCfg = Debug|x86
		{0DB48F71-0998-4421-8EB5-7B8020BF37B0}.Debug|x86.Build.0 = Debug|x86
		{0DB48F71-0998-4421-8EB5-7B8020BF37B0}.Release|Any CPU.ActiveCfg = Release|x86
		{0DB48F71-0998-4421-8EB5-7B8020BF37B0}.Release|Mixed Platforms.ActiveCfg = Release|x86
		{0DB48F71-0998-4421-8EB5-7B8020BF37B0}.Release|Mixed Platforms.Build.0 = Release|x86
		{0DB48F71-0998-4421-8EB5-7B8020BF37B0}.Release|x86.ActiveCfg = Release|x86
		{0DB48F71-0998-4421-8EB5-7B8020BF37B0}.Release|x86.Build.0 = Release|x86
		{734921D6-8BB4-4B57-9D5A-ACF9BD515D49}.Debug|Any CPU.ActiveCfg = Debug|Any CPU
		{734921D6-8BB4-4B57-9D5A-ACF9BD515D49}.Debug|Any CPU.Build.0 = Debug|Any CPU
		{734921D6-8BB4-4B57-9D5A-ACF9BD515D49}.Debug|Mixed Platforms.ActiveCfg = Debug|Any CPU
		{734921D6-8BB4-4B57-9D5A-ACF9BD515D49}.Debug|Mixed Platforms.Build.0 = Debug|Any CPU
		{734921D6-8BB4-4B57-9D5A-ACF9BD515D49}.Debug|x86.ActiveCfg = Debug|Any CPU
		{734921D6-8BB4-4B57-9D5A-ACF9BD515D49}.Release|Any CPU.ActiveCfg = Release|Any CPU
		{734921D6-8BB4-4B57-9D5A-ACF9BD515D49}.Release|Any CPU.Build.0 = Release|Any CPU
		{734921D6-8BB4-4B57-9D5A-ACF9BD515D49}.Release|Mixed Platforms.ActiveCfg = Release|Any CPU
		{734921D6-8BB4-4B57-9D5A-ACF9BD515D49}.Release|Mixed Platforms.Build.0 = Release|Any CPU
		{734921D6-8BB4-4B57-9D5A-ACF9BD515D49}.Release|x86.ActiveCfg = Release|Any CPU
		{5F6B1A70-3A36-4A4D-90F5-884B7413A79E}.Debug|Any CPU.ActiveCfg = Debug|Any CPU
		{5F6B1A70-3A36-4A4D-90F5-884B7413A79E}.Debug|Any CPU.Build.0 = Debug|Any CPU
		{5F6B1A70-3A36-4A4D-90F5-884B7413A79E}.Debug|Mixed Platforms.ActiveCfg = Debug|Any CPU
		{5F6B1A70-3A36-4A4D-90F5-884B7413A79E}.Debug|Mixed Platforms.Build.0 = Debug|Any CPU
		{5F6B1A70-3A36-4A4D-90F5-884B7413A79E}.Debug|x86.ActiveCfg = Debug|Any CPU
		{5F6B1A70-3A36-4A4D-90F5-884B7413A79E}.Release|Any CPU.ActiveCfg = Release|Any CPU
		{5F6B1A70-3A36-4A4D-90F5-884B7413A79E}.Release|Any CPU.Build.0 = Release|Any CPU
		{5F6B1A70-3A36-4A4D-90F5-884B7413A79E}.Release|Mixed Platforms.ActiveCfg = Release|Any CPU
		{5F6B1A70-3A36-4A4D-90F5-884B7413A79E}.Release|Mixed Platforms.Build.0 = Release|Any CPU
		{5F6B1A70-3A36-4A4D-90F5-884B7413A79E}.Release|x86.ActiveCfg = Release|Any CPU
	EndGlobalSection
	GlobalSection(SolutionProperties) = preSolution
		HideSolutionNode = FALSE
	EndGlobalSection
EndGlobal
